
Microsoft Visual Studio Solution File, Format Version 12.00
# Visual Studio Version 17
VisualStudioVersion = 17.4.33213.308
MinimumVisualStudioVersion = 10.0.40219.1
Project("{FAE04EC0-301F-11D3-BF4B-00C04F79EFBC}") = "Ispit.Todo", "Ispit.Todo\Ispit.Todo.csproj", "{91615C89-32DC-4DC3-BA9A-7533D55D9817}"
EndProject
Global
	GlobalSection(SolutionConfigurationPlatforms) = preSolution
		Debug|Any CPU = Debug|Any CPU
		Release|Any CPU = Release|Any CPU
	EndGlobalSection
	GlobalSection(ProjectConfigurationPlatforms) = postSolution
		{91615C89-32DC-4DC3-BA9A-7533D55D9817}.Debug|Any CPU.ActiveCfg = Debug|Any CPU
		{91615C89-32DC-4DC3-BA9A-7533D55D9817}.Debug|Any CPU.Build.0 = Debug|Any CPU
		{91615C89-32DC-4DC3-BA9A-7533D55D9817}.Release|Any CPU.ActiveCfg = Release|Any CPU
		{91615C89-32DC-4DC3-BA9A-7533D55D9817}.Release|Any CPU.Build.0 = Release|Any CPU
	EndGlobalSection
	GlobalSection(SolutionProperties) = preSolution
		HideSolutionNode = FALSE
	EndGlobalSection
	GlobalSection(ExtensibilityGlobals) = postSolution
		SolutionGuid = {61F9648F-FBF7-4BDA-9F96-98E230500F13}
	EndGlobalSection
EndGlobal
